
Microsoft Visual Studio Solution File, Format Version 12.00
# Visual Studio Version 16
VisualStudioVersion = 16.0.30011.22
MinimumVisualStudioVersion = 10.0.40219.1
Project("{9A19103F-16F7-4668-BE54-9A1E7A4F7556}") = "awslib", "awslib.csproj", "{FFD6E518-AC55-46FA-81AF-7AB59BA58956}"
EndProject
Global
	GlobalSection(SolutionConfigurationPlatforms) = preSolution
		Debug|Any CPU = Debug|Any CPU
		Release|Any CPU = Release|Any CPU
	EndGlobalSection
	GlobalSection(ProjectConfigurationPlatforms) = postSolution
		{FFD6E518-AC55-46FA-81AF-7AB59BA58956}.Debug|Any CPU.ActiveCfg = Debug|Any CPU
		{FFD6E518-AC55-46FA-81AF-7AB59BA58956}.Debug|Any CPU.Build.0 = Debug|Any CPU
		{FFD6E518-AC55-46FA-81AF-7AB59BA58956}.Release|Any CPU.ActiveCfg = Release|Any CPU
		{FFD6E518-AC55-46FA-81AF-7AB59BA58956}.Release|Any CPU.Build.0 = Release|Any CPU
	EndGlobalSection
	GlobalSection(SolutionProperties) = preSolution
		HideSolutionNode = FALSE
	EndGlobalSection
	GlobalSection(ExtensibilityGlobals) = postSolution
		SolutionGuid = {322C25D7-EDAA-4199-9DFD-689F875614C4}
	EndGlobalSection
EndGlobal
